// !$*UTF8*$!
{
	archiveVersion = 1;
	classes = {
	};
	objectVersion = 46;
	objects = {

/* Begin PBXBuildFile section */
		E36E71741A77D2E5008577EF /* main.m in Sources */ = {isa = PBXBuildFile; fileRef = E36E71731A77D2E5008577EF /* main.m */; };
		E36E71771A77D2E5008577EF /* AppDelegate.m in Sources */ = {isa = PBXBuildFile; fileRef = E36E71761A77D2E5008577EF /* AppDelegate.m */; };
		E36E717A1A77D2E5008577EF /* Olive_iOS.xcdatamodeld in Sources */ = {isa = PBXBuildFile; fileRef = E36E71781A77D2E5008577EF /* Olive_iOS.xcdatamodeld */; };
		E36E717D1A77D2E5008577EF /* ViewController.m in Sources */ = {isa = PBXBuildFile; fileRef = E36E717C1A77D2E5008577EF /* ViewController.m */; };
		E36E71801A77D2E5008577EF /* Main.storyboard in Resources */ = {isa = PBXBuildFile; fileRef = E36E717E1A77D2E5008577EF /* Main.storyboard */; };
		E36E71821A77D2E5008577EF /* Images.xcassets in Resources */ = {isa = PBXBuildFile; fileRef = E36E71811A77D2E5008577EF /* Images.xcassets */; };
		E36E71851A77D2E5008577EF /* LaunchScreen.xib in Resources */ = {isa = PBXBuildFile; fileRef = E36E71831A77D2E5008577EF /* LaunchScreen.xib */; };
		E36E71911A77D2E5008577EF /* Olive_iOSTests.m in Sources */ = {isa = PBXBuildFile; fileRef = E36E71901A77D2E5008577EF /* Olive_iOSTests.m */; };
/* End PBXBuildFile section */

/* Begin PBXContainerItemProxy section */
		E36E718B1A77D2E5008577EF /* PBXContainerItemProxy */ = {
			isa = PBXContainerItemProxy;
			containerPortal = E36E71661A77D2E5008577EF /* Project object */;
			proxyType = 1;
			remoteGlobalIDString = E36E716D1A77D2E5008577EF;
			remoteInfo = "Olive-iOS";
		};
/* End PBXContainerItemProxy section */

/* Begin PBXFileReference section */
		E36E716E1A77D2E5008577EF /* Olive-iOS.app */ = {isa = PBXFileReference; explicitFileType = wrapper.application; includeInIndex = 0; path = "Olive-iOS.app"; sourceTree = BUILT_PRODUCTS_DIR; };
		E36E71721A77D2E5008577EF /* Info.plist */ = {isa = PBXFileReference; lastKnownFileType = text.plist.xml; path = Info.plist; sourceTree = "<group>"; };
		E36E71731A77D2E5008577EF /* main.m */ = {isa = PBXFileReference; lastKnownFileType = sourcecode.c.objc; path = main.m; sourceTree = "<group>"; };
		E36E71751A77D2E5008577EF /* AppDelegate.h */ = {isa = PBXFileReference; lastKnownFileType = sourcecode.c.h; path = AppDelegate.h; sourceTree = "<group>"; };
		E36E71761A77D2E5008577EF /* AppDelegate.m */ = {isa = PBXFileReference; lastKnownFileType = sourcecode.c.objc; path = AppDelegate.m; sourceTree = "<group>"; };
		E36E71791A77D2E5008577EF /* Olive_iOS.xcdatamodel */ = {isa = PBXFileReference; lastKnownFileType = wrapper.xcdatamodel; path = Olive_iOS.xcdatamodel; sourceTree = "<group>"; };
		E36E717B1A77D2E5008577EF /* ViewController.h */ = {isa = PBXFileReference; lastKnownFileType = sourcecode.c.h; path = ViewController.h; sourceTree = "<group>"; };
		E36E717C1A77D2E5008577EF /* ViewController.m */ = {isa = PBXFileReference; lastKnownFileType = sourcecode.c.objc; path = ViewController.m; sourceTree = "<group>"; };
		E36E717F1A77D2E5008577EF /* Base */ = {isa = PBXFileReference; lastKnownFileType = file.storyboard; name = Base; path = Base.lproj/Main.storyboard; sourceTree = "<group>"; };
		E36E71811A77D2E5008577EF /* Images.xcassets */ = {isa = PBXFileReference; lastKnownFileType = folder.assetcatalog; path = Images.xcassets; sourceTree = "<group>"; };
		E36E71841A77D2E5008577EF /* Base */ = {isa = PBXFileReference; lastKnownFileType = file.xib; name = Base; path = Base.lproj/LaunchScreen.xib; sourceTree = "<group>"; };
		E36E718A1A77D2E5008577EF /* Olive-iOSTests.xctest */ = {isa = PBXFileReference; explicitFileType = wrapper.cfbundle; includeInIndex = 0; path = "Olive-iOSTests.xctest"; sourceTree = BUILT_PRODUCTS_DIR; };
		E36E718F1A77D2E5008577EF /* Info.plist */ = {isa = PBXFileReference; lastKnownFileType = text.plist.xml; path = Info.plist; sourceTree = "<group>"; };
		E36E71901A77D2E5008577EF /* Olive_iOSTests.m */ = {isa = PBXFileReference; lastKnownFileType = sourcecode.c.objc; path = Olive_iOSTests.m; sourceTree = "<group>"; };
/* End PBXFileReference section */

/* Begin PBXFrameworksBuildPhase section */
		E36E716B1A77D2E5008577EF /* Frameworks */ = {
			isa = PBXFrameworksBuildPhase;
			buildActionMask = 2147483647;
			files = (
			);
			runOnlyForDeploymentPostprocessing = 0;
		};
		E36E71871A77D2E5008577EF /* Frameworks */ = {
			isa = PBXFrameworksBuildPhase;
			buildActionMask = 2147483647;
			files = (
			);
			runOnlyForDeploymentPostprocessing = 0;
		};
/* End PBXFrameworksBuildPhase section */

/* Begin PBXGroup section */
		E36E71651A77D2E5008577EF = {
			isa = PBXGroup;
			children = (
				E36E71701A77D2E5008577EF /* Olive-iOS */,
				E36E718D1A77D2E5008577EF /* Olive-iOSTests */,
				E36E716F1A77D2E5008577EF /* Products */,
			);
			sourceTree = "<group>";
		};
		E36E716F1A77D2E5008577EF /* Products */ = {
			isa = PBXGroup;
			children = (
				E36E716E1A77D2E5008577EF /* Olive-iOS.app */,
				E36E718A1A77D2E5008577EF /* Olive-iOSTests.xctest */,
			);
			name = Products;
			sourceTree = "<group>";
		};
		E36E71701A77D2E5008577EF /* Olive-iOS */ = {
			isa = PBXGroup;
			children = (
				E36E71751A77D2E5008577EF /* AppDelegate.h */,
				E36E71761A77D2E5008577EF /* AppDelegate.m */,
				E36E717B1A77D2E5008577EF /* ViewController.h */,
				E36E717C1A77D2E5008577EF /* ViewController.m */,
				E36E717E1A77D2E5008577EF /* Main.storyboard */,
				E36E71811A77D2E5008577EF /* Images.xcassets */,
				E36E71831A77D2E5008577EF /* LaunchScreen.xib */,
				E36E71781A77D2E5008577EF /* Olive_iOS.xcdatamodeld */,
				E36E71711A77D2E5008577EF /* Supporting Files */,
			);
			path = "Olive-iOS";
			sourceTree = "<group>";
		};
		E36E71711A77D2E5008577EF /* Supporting Files */ = {
			isa = PBXGroup;
			children = (
				E36E71721A77D2E5008577EF /* Info.plist */,
				E36E71731A77D2E5008577EF /* main.m */,
			);
			name = "Supporting Files";
			sourceTree = "<group>";
		};
		E36E718D1A77D2E5008577EF /* Olive-iOSTests */ = {
			isa = PBXGroup;
			children = (
				E36E71901A77D2E5008577EF /* Olive_iOSTests.m */,
				E36E718E1A77D2E5008577EF /* Supporting Files */,
			);
			path = "Olive-iOSTests";
			sourceTree = "<group>";
		};
		E36E718E1A77D2E5008577EF /* Supporting Files */ = {
			isa = PBXGroup;
			children = (
				E36E718F1A77D2E5008577EF /* Info.plist */,
			);
			name = "Supporting Files";
			sourceTree = "<group>";
		};
/* End PBXGroup section */

/* Begin PBXNativeTarget section */
		E36E716D1A77D2E5008577EF /* Olive-iOS */ = {
			isa = PBXNativeTarget;
			buildConfigurationList = E36E71941A77D2E5008577EF /* Build configuration list for PBXNativeTarget "Olive-iOS" */;
			buildPhases = (
				E36E716A1A77D2E5008577EF /* Sources */,
				E36E716B1A77D2E5008577EF /* Frameworks */,
				E36E716C1A77D2E5008577EF /* Resources */,
			);
			buildRules = (
			);
			dependencies = (
			);
			name = "Olive-iOS";
			productName = "Olive-iOS";
			productReference = E36E716E1A77D2E5008577EF /* Olive-iOS.app */;
			productType = "com.apple.product-type.application";
		};
		E36E71891A77D2E5008577EF /* Olive-iOSTests */ = {
			isa = PBXNativeTarget;
			buildConfigurationList = E36E71971A77D2E5008577EF /* Build configuration list for PBXNativeTarget "Olive-iOSTests" */;
			buildPhases = (
				E36E71861A77D2E5008577EF /* Sources */,
				E36E71871A77D2E5008577EF /* Frameworks */,
				E36E71881A77D2E5008577EF /* Resources */,
			);
			buildRules = (
			);
			dependencies = (
				E36E718C1A77D2E5008577EF /* PBXTargetDependency */,
			);
			name = "Olive-iOSTests";
			productName = "Olive-iOSTests";
			productReference = E36E718A1A77D2E5008577EF /* Olive-iOSTests.xctest */;
			productType = "com.apple.product-type.bundle.unit-test";
		};
/* End PBXNativeTarget section */

/* Begin PBXProject section */
		E36E71661A77D2E5008577EF /* Project object */ = {
			isa = PBXProject;
			attributes = {
				LastUpgradeCheck = 0610;
				ORGANIZATIONNAME = "정의준";
				TargetAttributes = {
					E36E716D1A77D2E5008577EF = {
						CreatedOnToolsVersion = 6.1;
					};
					E36E71891A77D2E5008577EF = {
						CreatedOnToolsVersion = 6.1;
						TestTargetID = E36E716D1A77D2E5008577EF;
					};
				};
			};
			buildConfigurationList = E36E71691A77D2E5008577EF /* Build configuration list for PBXProject "Olive-iOS" */;
			compatibilityVersion = "Xcode 3.2";
			developmentRegion = English;
			hasScannedForEncodings = 0;
			knownRegions = (
				en,
				Base,
			);
			mainGroup = E36E71651A77D2E5008577EF;
			productRefGroup = E36E716F1A77D2E5008577EF /* Products */;
			projectDirPath = "";
			projectRoot = "";
			targets = (
				E36E716D1A77D2E5008577EF /* Olive-iOS */,
				E36E71891A77D2E5008577EF /* Olive-iOSTests */,
			);
		};
/* End PBXProject section */

/* Begin PBXResourcesBuildPhase section */
		E36E716C1A77D2E5008577EF /* Resources */ = {
			isa = PBXResourcesBuildPhase;
			buildActionMask = 2147483647;
			files = (
				E36E71801A77D2E5008577EF /* Main.storyboard in Resources */,
				E36E71851A77D2E5008577EF /* LaunchScreen.xib in Resources */,
				E36E71821A77D2E5008577EF /* Images.xcassets in Resources */,
			);
			runOnlyForDeploymentPostprocessing = 0;
		};
		E36E71881A77D2E5008577EF /* Resources */ = {
			isa = PBXResourcesBuildPhase;
			buildActionMask = 2147483647;
			files = (
			);
			runOnlyForDeploymentPostprocessing = 0;
		};
/* End PBXResourcesBuildPhase section */

/* Begin PBXSourcesBuildPhase section */
		E36E716A1A77D2E5008577EF /* Sources */ = {
			isa = PBXSourcesBuildPhase;
			buildActionMask = 2147483647;
			files = (
				E36E71771A77D2E5008577EF /* AppDelegate.m in Sources */,
				E36E717A1A77D2E5008577EF /* Olive_iOS.xcdatamodeld in Sources */,
				E36E717D1A77D2E5008577EF /* ViewController.m in Sources */,
				E36E71741A77D2E5008577EF /* main.m in Sources */,
			);
			runOnlyForDeploymentPostprocessing = 0;
		};
		E36E71861A77D2E5008577EF /* Sources */ = {
			isa = PBXSourcesBuildPhase;
			buildActionMask = 2147483647;
			files = (
				E36E71911A77D2E5008577EF /* Olive_iOSTests.m in Sources */,
			);
			runOnlyForDeploymentPostprocessing = 0;
		};
/* End PBXSourcesBuildPhase section */

/* Begin PBXTargetDependency section */
		E36E718C1A77D2E5008577EF /* PBXTargetDependency */ = {
			isa = PBXTargetDependency;
			target = E36E716D1A77D2E5008577EF /* Olive-iOS */;
			targetProxy = E36E718B1A77D2E5008577EF /* PBXContainerItemProxy */;
		};
/* End PBXTargetDependency section */

/* Begin PBXVariantGroup section */
		E36E717E1A77D2E5008577EF /* Main.storyboard */ = {
			isa = PBXVariantGroup;
			children = (
				E36E717F1A77D2E5008577EF /* Base */,
			);
			name = Main.storyboard;
			sourceTree = "<group>";
		};
		E36E71831A77D2E5008577EF /* LaunchScreen.xib */ = {
			isa = PBXVariantGroup;
			children = (
				E36E71841A77D2E5008577EF /* Base */,
			);
			name = LaunchScreen.xib;
			sourceTree = "<group>";
		};
/* End PBXVariantGroup section */

/* Begin XCBuildConfiguration section */
		E36E71921A77D2E5008577EF /* Debug */ = {
			isa = XCBuildConfiguration;
			buildSettings = {
				ALWAYS_SEARCH_USER_PATHS = NO;
				CLANG_CXX_LANGUAGE_STANDARD = "gnu++0x";
				CLANG_CXX_LIBRARY = "libc++";
				CLANG_ENABLE_MODULES = YES;
				CLANG_ENABLE_OBJC_ARC = YES;
				CLANG_WARN_BOOL_CONVERSION = YES;
				CLANG_WARN_CONSTANT_CONVERSION = YES;
				CLANG_WARN_DIRECT_OBJC_ISA_USAGE = YES_ERROR;
				CLANG_WARN_EMPTY_BODY = YES;
				CLANG_WARN_ENUM_CONVERSION = YES;
				CLANG_WARN_INT_CONVERSION = YES;
				CLANG_WARN_OBJC_ROOT_CLASS = YES_ERROR;
				CLANG_WARN_UNREACHABLE_CODE = YES;
				CLANG_WARN__DUPLICATE_METHOD_MATCH = YES;
				"CODE_SIGN_IDENTITY[sdk=iphoneos*]" = "iPhone Developer";
				COPY_PHASE_STRIP = NO;
				ENABLE_STRICT_OBJC_MSGSEND = YES;
				GCC_C_LANGUAGE_STANDARD = gnu99;
				GCC_DYNAMIC_NO_PIC = NO;
				GCC_OPTIMIZATION_LEVEL = 0;
				GCC_PREPROCESSOR_DEFINITIONS = (
					"DEBUG=1",
					"$(inherited)",
				);
				GCC_SYMBOLS_PRIVATE_EXTERN = NO;
				GCC_WARN_64_TO_32_BIT_CONVERSION = YES;
				GCC_WARN_ABOUT_RETURN_TYPE = YES_ERROR;
				GCC_WARN_UNDECLARED_SELECTOR = YES;
				GCC_WARN_UNINITIALIZED_AUTOS = YES_AGGRESSIVE;
				GCC_WARN_UNUSED_FUNCTION = YES;
				GCC_WARN_UNUSED_VARIABLE = YES;
				IPHONEOS_DEPLOYMENT_TARGET = 8.1;
				MTL_ENABLE_DEBUG_INFO = YES;
				ONLY_ACTIVE_ARCH = YES;
				SDKROOT = iphoneos;
			};
			name = Debug;
		};
		E36E71931A77D2E5008577EF /* Release */ = {
			isa = XCBuildConfiguration;
			buildSettings = {
				ALWAYS_SEARCH_USER_PATHS = NO;
				CLANG_CXX_LANGUAGE_STANDARD = "gnu++0x";
				CLANG_CXX_LIBRARY = "libc++";
				CLANG_ENABLE_MODULES = YES;
				CLANG_ENABLE_OBJC_ARC = YES;
				CLANG_WARN_BOOL_CONVERSION = YES;
				CLANG_WARN_CONSTANT_CONVERSION = YES;
				CLANG_WARN_DIRECT_OBJC_ISA_USAGE = YES_ERROR;
				CLANG_WARN_EMPTY_BODY = YES;
				CLANG_WARN_ENUM_CONVERSION = YES;
				CLANG_WARN_INT_CONVERSION = YES;
				CLANG_WARN_OBJC_ROOT_CLASS = YES_ERROR;
				CLANG_WARN_UNREACHABLE_CODE = YES;
				CLANG_WARN__DUPLICATE_METHOD_MATCH = YES;
				"CODE_SIGN_IDENTITY[sdk=iphoneos*]" = "iPhone Developer";
				COPY_PHASE_STRIP = YES;
				ENABLE_NS_ASSERTIONS = NO;
				ENABLE_STRICT_OBJC_MSGSEND = YES;
				GCC_C_LANGUAGE_STANDARD = gnu99;
				GCC_WARN_64_TO_32_BIT_CONVERSION = YES;
				GCC_WARN_ABOUT_RETURN_TYPE = YES_ERROR;
				GCC_WARN_UNDECLARED_SELECTOR = YES;
				GCC_WARN_UNINITIALIZED_AUTOS = YES_AGGRESSIVE;
				GCC_WARN_UNUSED_FUNCTION = YES;
				GCC_WARN_UNUSED_VARIABLE = YES;
				IPHONEOS_DEPLOYMENT_TARGET = 8.1;
				MTL_ENABLE_DEBUG_INFO = NO;
				SDKROOT = iphoneos;
				VALIDATE_PRODUCT = YES;
			};
			name = Release;
		};
		E36E71951A77D2E5008577EF /* Debug */ = {
			isa = XCBuildConfiguration;
			buildSettings = {
				ASSETCATALOG_COMPILER_APPICON_NAME = AppIcon;
				INFOPLIST_FILE = "Olive-iOS/Info.plist";
				LD_RUNPATH_SEARCH_PATHS = "$(inherited) @executable_path/Frameworks";
				PRODUCT_NAME = "$(TARGET_NAME)";
			};
			name = Debug;
		};
		E36E71961A77D2E5008577EF /* Release */ = {
			isa = XCBuildConfiguration;
			buildSettings = {
				ASSETCATALOG_COMPILER_APPICON_NAME = AppIcon;
				INFOPLIST_FILE = "Olive-iOS/Info.plist";
				LD_RUNPATH_SEARCH_PATHS = "$(inherited) @executable_path/Frameworks";
				PRODUCT_NAME = "$(TARGET_NAME)";
			};
			name = Release;
		};
		E36E71981A77D2E5008577EF /* Debug */ = {
			isa = XCBuildConfiguration;
			buildSettings = {
				BUNDLE_LOADER = "$(TEST_HOST)";
				FRAMEWORK_SEARCH_PATHS = (
					"$(SDKROOT)/Developer/Library/Frameworks",
					"$(inherited)",
				);
				GCC_PREPROCESSOR_DEFINITIONS = (
					"DEBUG=1",
					"$(inherited)",
				);
				INFOPLIST_FILE = "Olive-iOSTests/Info.plist";
				LD_RUNPATH_SEARCH_PATHS = "$(inherited) @executable_path/Frameworks @loader_path/Frameworks";
				PRODUCT_NAME = "$(TARGET_NAME)";
				TEST_HOST = "$(BUILT_PRODUCTS_DIR)/Olive-iOS.app/Olive-iOS";
			};
			name = Debug;
		};
		E36E71991A77D2E5008577EF /* Release */ = {
			isa = XCBuildConfiguration;
			buildSettings = {
				BUNDLE_LOADER = "$(TEST_HOST)";
				FRAMEWORK_SEARCH_PATHS = (
					"$(SDKROOT)/Developer/Library/Frameworks",
					"$(inherited)",
				);
				INFOPLIST_FILE = "Olive-iOSTests/Info.plist";
				LD_RUNPATH_SEARCH_PATHS = "$(inherited) @executable_path/Frameworks @loader_path/Frameworks";
				PRODUCT_NAME = "$(TARGET_NAME)";
				TEST_HOST = "$(BUILT_PRODUCTS_DIR)/Olive-iOS.app/Olive-iOS";
			};
			name = Release;
		};
/* End XCBuildConfiguration section */

/* Begin XCConfigurationList section */
		E36E71691A77D2E5008577EF /* Build configuration list for PBXProject "Olive-iOS" */ = {
			isa = XCConfigurationList;
			buildConfigurations = (
				E36E71921A77D2E5008577EF /* Debug */,
				E36E71931A77D2E5008577EF /* Release */,
			);
			defaultConfigurationIsVisible = 0;
			defaultConfigurationName = Release;
		};
		E36E71941A77D2E5008577EF /* Build configuration list for PBXNativeTarget "Olive-iOS" */ = {
			isa = XCConfigurationList;
			buildConfigurations = (
				E36E71951A77D2E5008577EF /* Debug */,
				E36E71961A77D2E5008577EF /* Release */,
			);
			defaultConfigurationIsVisible = 0;
		};
		E36E71971A77D2E5008577EF /* Build configuration list for PBXNativeTarget "Olive-iOSTests" */ = {
			isa = XCConfigurationList;
			buildConfigurations = (
				E36E71981A77D2E5008577EF /* Debug */,
				E36E71991A77D2E5008577EF /* Release */,
			);
			defaultConfigurationIsVisible = 0;
		};
/* End XCConfigurationList section */

/* Begin XCVersionGroup section */
		E36E71781A77D2E5008577EF /* Olive_iOS.xcdatamodeld */ = {
			isa = XCVersionGroup;
			children = (
				E36E71791A77D2E5008577EF /* Olive_iOS.xcdatamodel */,
			);
			currentVersion = E36E71791A77D2E5008577EF /* Olive_iOS.xcdatamodel */;
			path = Olive_iOS.xcdatamodeld;
			sourceTree = "<group>";
			versionGroupType = wrapper.xcdatamodel;
		};
/* End XCVersionGroup section */
	};
	rootObject = E36E71661A77D2E5008577EF /* Project object */;
}
